
Microsoft Visual Studio Solution File, Format Version 12.00
# Visual Studio 15
Project("{FAE04EC0-301F-11D3-BF4B-00C04F79EFBC}") = "NewAssembly", "NewAssembly.csproj", "{F4F93A23-B5CE-3FF9-3FA5-987E3D09524B}"
EndProject
Project("{FAE04EC0-301F-11D3-BF4B-00C04F79EFBC}") = "Tests", "Tests.csproj", "{8DCC87CB-FC7A-361F-0931-8D342D8DA336}"
EndProject
Project("{FAE04EC0-301F-11D3-BF4B-00C04F79EFBC}") = "Assembly-CSharp", "Assembly-CSharp.csproj", "{CE832F7B-853F-274E-0F07-87448A580D26}"
EndProject
Global
	GlobalSection(SolutionConfigurationPlatforms) = preSolution
		Debug|Any CPU = Debug|Any CPU
		Release|Any CPU = Release|Any CPU
	EndGlobalSection
	GlobalSection(ProjectConfigurationPlatforms) = postSolution
		{F4F93A23-B5CE-3FF9-3FA5-987E3D09524B}.Debug|Any CPU.ActiveCfg = Debug|Any CPU
		{F4F93A23-B5CE-3FF9-3FA5-987E3D09524B}.Debug|Any CPU.Build.0 = Debug|Any CPU
		{F4F93A23-B5CE-3FF9-3FA5-987E3D09524B}.Release|Any CPU.ActiveCfg = Release|Any CPU
		{F4F93A23-B5CE-3FF9-3FA5-987E3D09524B}.Release|Any CPU.Build.0 = Release|Any CPU
		{8DCC87CB-FC7A-361F-0931-8D342D8DA336}.Debug|Any CPU.ActiveCfg = Debug|Any CPU
		{8DCC87CB-FC7A-361F-0931-8D342D8DA336}.Debug|Any CPU.Build.0 = Debug|Any CPU
		{8DCC87CB-FC7A-361F-0931-8D342D8DA336}.Release|Any CPU.ActiveCfg = Release|Any CPU
		{8DCC87CB-FC7A-361F-0931-8D342D8DA336}.Release|Any CPU.Build.0 = Release|Any CPU
		{CE832F7B-853F-274E-0F07-87448A580D26}.Debug|Any CPU.ActiveCfg = Debug|Any CPU
		{CE832F7B-853F-274E-0F07-87448A580D26}.Debug|Any CPU.Build.0 = Debug|Any CPU
		{CE832F7B-853F-274E-0F07-87448A580D26}.Release|Any CPU.ActiveCfg = Release|Any CPU
		{CE832F7B-853F-274E-0F07-87448A580D26}.Release|Any CPU.Build.0 = Release|Any CPU
	EndGlobalSection
	GlobalSection(SolutionProperties) = preSolution
		HideSolutionNode = FALSE
	EndGlobalSection
EndGlobal
